
Microsoft Visual Studio Solution File, Format Version 12.00
# Visual Studio Version 17
VisualStudioVersion = 17.7.34221.43
MinimumVisualStudioVersion = 10.0.40219.1
Project("{FAE04EC0-301F-11D3-BF4B-00C04F79EFBC}") = "CircularQueue", "CircularQueue\CircularQueue.csproj", "{06135FC2-5A20-491F-B061-99778772AA7E}"
EndProject
Global
	GlobalSection(SolutionConfigurationPlatforms) = preSolution
		Debug|Any CPU = Debug|Any CPU
		Release|Any CPU = Release|Any CPU
	EndGlobalSection
	GlobalSection(ProjectConfigurationPlatforms) = postSolution
		{06135FC2-5A20-491F-B061-99778772AA7E}.Debug|Any CPU.ActiveCfg = Debug|Any CPU
		{06135FC2-5A20-491F-B061-99778772AA7E}.Debug|Any CPU.Build.0 = Debug|Any CPU
		{06135FC2-5A20-491F-B061-99778772AA7E}.Release|Any CPU.ActiveCfg = Release|Any CPU
		{06135FC2-5A20-491F-B061-99778772AA7E}.Release|Any CPU.Build.0 = Release|Any CPU
	EndGlobalSection
	GlobalSection(SolutionProperties) = preSolution
		HideSolutionNode = FALSE
	EndGlobalSection
	GlobalSection(ExtensibilityGlobals) = postSolution
		SolutionGuid = {197A5C3A-5BB2-4087-B396-124A5A1D783D}
	EndGlobalSection
EndGlobal
