
Microsoft Visual Studio Solution File, Format Version 12.00
# Visual Studio Version 17
VisualStudioVersion = 17.11.35327.3
MinimumVisualStudioVersion = 10.0.40219.1
Project("{FAE04EC0-301F-11D3-BF4B-00C04F79EFBC}") = "DynamicQueue", "DynamicQueue.csproj", "{46900D29-102C-4ABA-97AC-2FFD9843D046}"
EndProject
Global
	GlobalSection(SolutionConfigurationPlatforms) = preSolution
		Debug|Any CPU = Debug|Any CPU
		Release|Any CPU = Release|Any CPU
	EndGlobalSection
	GlobalSection(ProjectConfigurationPlatforms) = postSolution
		{46900D29-102C-4ABA-97AC-2FFD9843D046}.Debug|Any CPU.ActiveCfg = Debug|Any CPU
		{46900D29-102C-4ABA-97AC-2FFD9843D046}.Debug|Any CPU.Build.0 = Debug|Any CPU
		{46900D29-102C-4ABA-97AC-2FFD9843D046}.Release|Any CPU.ActiveCfg = Release|Any CPU
		{46900D29-102C-4ABA-97AC-2FFD9843D046}.Release|Any CPU.Build.0 = Release|Any CPU
	EndGlobalSection
	GlobalSection(SolutionProperties) = preSolution
		HideSolutionNode = FALSE
	EndGlobalSection
	GlobalSection(ExtensibilityGlobals) = postSolution
		SolutionGuid = {FC6CC6CC-E8C2-496C-954E-F3E80D710DE8}
	EndGlobalSection
EndGlobal
