
Microsoft Visual Studio Solution File, Format Version 12.00
# Visual Studio Version 17
VisualStudioVersion = 17.7.34221.43
MinimumVisualStudioVersion = 10.0.40219.1
Project("{FAE04EC0-301F-11D3-BF4B-00C04F79EFBC}") = "1.SimpleQueue", "1.SimpleQueue\1.SimpleQueue.csproj", "{0547BF7B-3197-44EF-856D-EFACCC78072E}"
EndProject
Global
	GlobalSection(SolutionConfigurationPlatforms) = preSolution
		Debug|Any CPU = Debug|Any CPU
		Release|Any CPU = Release|Any CPU
	EndGlobalSection
	GlobalSection(ProjectConfigurationPlatforms) = postSolution
		{0547BF7B-3197-44EF-856D-EFACCC78072E}.Debug|Any CPU.ActiveCfg = Debug|Any CPU
		{0547BF7B-3197-44EF-856D-EFACCC78072E}.Debug|Any CPU.Build.0 = Debug|Any CPU
		{0547BF7B-3197-44EF-856D-EFACCC78072E}.Release|Any CPU.ActiveCfg = Release|Any CPU
		{0547BF7B-3197-44EF-856D-EFACCC78072E}.Release|Any CPU.Build.0 = Release|Any CPU
	EndGlobalSection
	GlobalSection(SolutionProperties) = preSolution
		HideSolutionNode = FALSE
	EndGlobalSection
	GlobalSection(ExtensibilityGlobals) = postSolution
		SolutionGuid = {3D0FAA89-0D2C-40EE-BBC9-4819200FC9CA}
	EndGlobalSection
EndGlobal
